<Solution>
  <Folder Name="/Solution Items/">
    <File Path="Cfg.env" />
  </Folder>
  <Project Path="Pulse.ApiService/Pulse.ApiService.csproj" />
  <Project Path="Pulse.AppHost/Pulse.AppHost.csproj" />
  <Project Path="Pulse.Models/Pulse.Models.csproj" />
  <Project Path="Pulse.ServiceDefaults/Pulse.ServiceDefaults.csproj" />
  <Project Path="Pulse.Web/Pulse.Web.csproj" />
</Solution>
